
Microsoft Visual Studio Solution File, Format Version 12.00
# Visual Studio Version 17
VisualStudioVersion = 17.6.33712.159
MinimumVisualStudioVersion = 10.0.40219.1
Project("{9A19103F-16F7-4668-BE54-9A1E7A4F7556}") = "RowiTechTask", "RowiTechTask\RowiTechTask.csproj", "{0A1CF998-3FD8-4D12-9770-A6DBF6E53772}"
EndProject
Project("{9A19103F-16F7-4668-BE54-9A1E7A4F7556}") = "RowiTechTask.Models", "RowiTechTask.Models\RowiTechTask.Models.csproj", "{6B9D2F07-BF12-4ED7-8480-F239E79D9676}"
EndProject
Project("{9A19103F-16F7-4668-BE54-9A1E7A4F7556}") = "RowiTechTask.Data", "RowiTechTask.Data\RowiTechTask.Data.csproj", "{4CCDF63F-66FB-4FF8-8017-5DF5391979F1}"
EndProject
Project("{9A19103F-16F7-4668-BE54-9A1E7A4F7556}") = "RowiTechTask.Utility", "RowiTechTask.Utility\RowiTechTask.Utility.csproj", "{A127F7FF-86B4-4469-BA5A-D037C5B433B8}"
EndProject
Project("{E53339B2-1760-4266-BCC7-CA923CBCF16C}") = "docker-compose", "docker-compose.dcproj", "{EFE469A6-D632-414D-A326-ABBF1CFD3E2F}"
EndProject
Global
	GlobalSection(SolutionConfigurationPlatforms) = preSolution
		Debug|Any CPU = Debug|Any CPU
		Release|Any CPU = Release|Any CPU
	EndGlobalSection
	GlobalSection(ProjectConfigurationPlatforms) = postSolution
		{0A1CF998-3FD8-4D12-9770-A6DBF6E53772}.Debug|Any CPU.ActiveCfg = Debug|Any CPU
		{0A1CF998-3FD8-4D12-9770-A6DBF6E53772}.Debug|Any CPU.Build.0 = Debug|Any CPU
		{0A1CF998-3FD8-4D12-9770-A6DBF6E53772}.Release|Any CPU.ActiveCfg = Release|Any CPU
		{0A1CF998-3FD8-4D12-9770-A6DBF6E53772}.Release|Any CPU.Build.0 = Release|Any CPU
		{6B9D2F07-BF12-4ED7-8480-F239E79D9676}.Debug|Any CPU.ActiveCfg = Debug|Any CPU
		{6B9D2F07-BF12-4ED7-8480-F239E79D9676}.Debug|Any CPU.Build.0 = Debug|Any CPU
		{6B9D2F07-BF12-4ED7-8480-F239E79D9676}.Release|Any CPU.ActiveCfg = Release|Any CPU
		{6B9D2F07-BF12-4ED7-8480-F239E79D9676}.Release|Any CPU.Build.0 = Release|Any CPU
		{4CCDF63F-66FB-4FF8-8017-5DF5391979F1}.Debug|Any CPU.ActiveCfg = Debug|Any CPU
		{4CCDF63F-66FB-4FF8-8017-5DF5391979F1}.Debug|Any CPU.Build.0 = Debug|Any CPU
		{4CCDF63F-66FB-4FF8-8017-5DF5391979F1}.Release|Any CPU.ActiveCfg = Release|Any CPU
		{4CCDF63F-66FB-4FF8-8017-5DF5391979F1}.Release|Any CPU.Build.0 = Release|Any CPU
		{A127F7FF-86B4-4469-BA5A-D037C5B433B8}.Debug|Any CPU.ActiveCfg = Debug|Any CPU
		{A127F7FF-86B4-4469-BA5A-D037C5B433B8}.Debug|Any CPU.Build.0 = Debug|Any CPU
		{A127F7FF-86B4-4469-BA5A-D037C5B433B8}.Release|Any CPU.ActiveCfg = Release|Any CPU
		{A127F7FF-86B4-4469-BA5A-D037C5B433B8}.Release|Any CPU.Build.0 = Release|Any CPU
		{EFE469A6-D632-414D-A326-ABBF1CFD3E2F}.Debug|Any CPU.ActiveCfg = Debug|Any CPU
		{EFE469A6-D632-414D-A326-ABBF1CFD3E2F}.Debug|Any CPU.Build.0 = Debug|Any CPU
		{EFE469A6-D632-414D-A326-ABBF1CFD3E2F}.Release|Any CPU.ActiveCfg = Release|Any CPU
		{EFE469A6-D632-414D-A326-ABBF1CFD3E2F}.Release|Any CPU.Build.0 = Release|Any CPU
	EndGlobalSection
	GlobalSection(SolutionProperties) = preSolution
		HideSolutionNode = FALSE
	EndGlobalSection
	GlobalSection(ExtensibilityGlobals) = postSolution
		SolutionGuid = {7C9247BB-FF28-4401-84D4-F63A3C60C369}
	EndGlobalSection
EndGlobal
